<?xml version="1.0" encoding="UTF-8"?>
<CodeBlocks_project_file>
	<FileVersion major="1" minor="6"/>
	<Project>
		<Option title="ccvm"/>
		<Option makefile_is_custom="1"/>
		<Option compiler="gcc"/>
		<Option virtualFolders="CMake Files\;"/>
		<Build>
			<Target title="all">
				<Option working_dir="/home/luc/Projects/CCVM"/>
				<Option type="4"/>
				<MakeCommands>
					<Build command="/usr/bin/make -f &quot;/home/luc/Projects/CCVM/Makefile&quot;  VERBOSE=1 all"/>
					<CompileFile command="/usr/bin/make -f &quot;/home/luc/Projects/CCVM/Makefile&quot;  VERBOSE=1 &quot;$file&quot;"/>
					<Clean command="/usr/bin/make -f &quot;/home/luc/Projects/CCVM/Makefile&quot;  VERBOSE=1 clean"/>
					<DistClean command="/usr/bin/make -f &quot;/home/luc/Projects/CCVM/Makefile&quot;  VERBOSE=1 clean"/>
				</MakeCommands>
			</Target>
			<Target title="rebuild_cache">
				<Option working_dir="/home/luc/Projects/CCVM"/>
				<Option type="4"/>
				<MakeCommands>
					<Build command="/usr/bin/make -f &quot;/home/luc/Projects/CCVM/Makefile&quot;  VERBOSE=1 rebuild_cache"/>
					<CompileFile command="/usr/bin/make -f &quot;/home/luc/Projects/CCVM/Makefile&quot;  VERBOSE=1 &quot;$file&quot;"/>
					<Clean command="/usr/bin/make -f &quot;/home/luc/Projects/CCVM/Makefile&quot;  VERBOSE=1 clean"/>
					<DistClean command="/usr/bin/make -f &quot;/home/luc/Projects/CCVM/Makefile&quot;  VERBOSE=1 clean"/>
				</MakeCommands>
			</Target>
			<Target title="edit_cache">
				<Option working_dir="/home/luc/Projects/CCVM"/>
				<Option type="4"/>
				<MakeCommands>
					<Build command="/usr/bin/make -f &quot;/home/luc/Projects/CCVM/Makefile&quot;  VERBOSE=1 edit_cache"/>
					<CompileFile command="/usr/bin/make -f &quot;/home/luc/Projects/CCVM/Makefile&quot;  VERBOSE=1 &quot;$file&quot;"/>
					<Clean command="/usr/bin/make -f &quot;/home/luc/Projects/CCVM/Makefile&quot;  VERBOSE=1 clean"/>
					<DistClean command="/usr/bin/make -f &quot;/home/luc/Projects/CCVM/Makefile&quot;  VERBOSE=1 clean"/>
				</MakeCommands>
			</Target>
			<Target title="ccvm">
				<Option output="/home/luc/Projects/CCVM/ccvm" prefix_auto="0" extension_auto="0"/>
				<Option working_dir="/home/luc/Projects/CCVM"/>
				<Option object_output="./"/>
				<Option type="1"/>
				<Option compiler="gcc"/>
				<Compiler>
					<Add directory="/home/luc/Projects/CCVM/include"/>
					<Add directory="/home/luc/Projects/CCVM/thirdparty"/>
				</Compiler>
				<MakeCommands>
					<Build command="/usr/bin/make -f &quot;/home/luc/Projects/CCVM/Makefile&quot;  VERBOSE=1 ccvm"/>
					<CompileFile command="/usr/bin/make -f &quot;/home/luc/Projects/CCVM/Makefile&quot;  VERBOSE=1 &quot;$file&quot;"/>
					<Clean command="/usr/bin/make -f &quot;/home/luc/Projects/CCVM/Makefile&quot;  VERBOSE=1 clean"/>
					<DistClean command="/usr/bin/make -f &quot;/home/luc/Projects/CCVM/Makefile&quot;  VERBOSE=1 clean"/>
				</MakeCommands>
			</Target>
			<Target title="ccvm/fast">
				<Option output="/home/luc/Projects/CCVM/ccvm" prefix_auto="0" extension_auto="0"/>
				<Option working_dir="/home/luc/Projects/CCVM"/>
				<Option object_output="./"/>
				<Option type="1"/>
				<Option compiler="gcc"/>
				<Compiler>
					<Add directory="/home/luc/Projects/CCVM/include"/>
					<Add directory="/home/luc/Projects/CCVM/thirdparty"/>
				</Compiler>
				<MakeCommands>
					<Build command="/usr/bin/make -f &quot;/home/luc/Projects/CCVM/Makefile&quot;  VERBOSE=1 ccvm/fast"/>
					<CompileFile command="/usr/bin/make -f &quot;/home/luc/Projects/CCVM/Makefile&quot;  VERBOSE=1 &quot;$file&quot;"/>
					<Clean command="/usr/bin/make -f &quot;/home/luc/Projects/CCVM/Makefile&quot;  VERBOSE=1 clean"/>
					<DistClean command="/usr/bin/make -f &quot;/home/luc/Projects/CCVM/Makefile&quot;  VERBOSE=1 clean"/>
				</MakeCommands>
			</Target>
		</Build>
		<Unit filename="/home/luc/Projects/CCVM/sources/CCVM.c">
			<Option target="ccvm"/>
		</Unit>
		<Unit filename="/home/luc/Projects/CCVM/sources/flags.c">
			<Option target="ccvm"/>
		</Unit>
		<Unit filename="/home/luc/Projects/CCVM/sources/instructionset.c">
			<Option target="ccvm"/>
		</Unit>
		<Unit filename="/home/luc/Projects/CCVM/sources/main.c">
			<Option target="ccvm"/>
		</Unit>
		<Unit filename="/home/luc/Projects/CCVM/sources/ram.c">
			<Option target="ccvm"/>
		</Unit>
		<Unit filename="/home/luc/Projects/CCVM/sources/stack.c">
			<Option target="ccvm"/>
		</Unit>
		<Unit filename="/home/luc/Projects/CCVM/CMakeLists.txt">
			<Option virtualFolder="CMake Files\"/>
		</Unit>
	</Project>
</CodeBlocks_project_file>
